
Microsoft Visual Studio Solution File, Format Version 12.00
Project("{FAE04EC0-301F-11D3-BF4B-00C04F79EFBC}") = "CacheDomashka", "CacheDomashka\CacheDomashka.csproj", "{299D0C30-10EE-45B4-8EE9-5F667381D34B}"
EndProject
Global
	GlobalSection(SolutionConfigurationPlatforms) = preSolution
		Debug|Any CPU = Debug|Any CPU
		Release|Any CPU = Release|Any CPU
	EndGlobalSection
	GlobalSection(ProjectConfigurationPlatforms) = postSolution
		{299D0C30-10EE-45B4-8EE9-5F667381D34B}.Debug|Any CPU.ActiveCfg = Debug|Any CPU
		{299D0C30-10EE-45B4-8EE9-5F667381D34B}.Debug|Any CPU.Build.0 = Debug|Any CPU
		{299D0C30-10EE-45B4-8EE9-5F667381D34B}.Release|Any CPU.ActiveCfg = Release|Any CPU
		{299D0C30-10EE-45B4-8EE9-5F667381D34B}.Release|Any CPU.Build.0 = Release|Any CPU
	EndGlobalSection
EndGlobal
